
Microsoft Visual Studio Solution File, Format Version 12.00
# Visual Studio 15
VisualStudioVersion = 15.0.27703.2035
MinimumVisualStudioVersion = 10.0.40219.1
Project("{9A19103F-16F7-4668-BE54-9A1E7A4F7556}") = "WarehouseAService", "WarehouseService\WarehouseAService.csproj", "{597C2C1D-D668-4ACF-96C8-304608C1C38B}"
EndProject
Project("{9A19103F-16F7-4668-BE54-9A1E7A4F7556}") = "InventoryService", "InventoryService\InventoryService.csproj", "{A83E829F-B2C8-45AC-A7EF-268AB09CC07A}"
EndProject
Project("{9A19103F-16F7-4668-BE54-9A1E7A4F7556}") = "ProductService", "ProductService\ProductService.csproj", "{2695AC40-B591-44A1-94EC-BADF988CFA45}"
EndProject
Project("{9A19103F-16F7-4668-BE54-9A1E7A4F7556}") = "AllocationService", "AllocationService\AllocationService.csproj", "{6EAFF12F-6701-4E35-9B1C-0622466FC9FA}"
EndProject
Project("{9A19103F-16F7-4668-BE54-9A1E7A4F7556}") = "WarehouseBService", "WarehouseBService\WarehouseBService.csproj", "{8463923B-3DF8-41BA-AC35-16FFE6A9BAD9}"
EndProject
Project("{9A19103F-16F7-4668-BE54-9A1E7A4F7556}") = "BranchService", "BranchService\BranchService.csproj", "{B149D0C6-FEA6-4E32-B134-80306F3831AB}"
EndProject
Global
	GlobalSection(SolutionConfigurationPlatforms) = preSolution
		Debug|Any CPU = Debug|Any CPU
		Release|Any CPU = Release|Any CPU
	EndGlobalSection
	GlobalSection(ProjectConfigurationPlatforms) = postSolution
		{597C2C1D-D668-4ACF-96C8-304608C1C38B}.Debug|Any CPU.ActiveCfg = Debug|Any CPU
		{597C2C1D-D668-4ACF-96C8-304608C1C38B}.Debug|Any CPU.Build.0 = Debug|Any CPU
		{597C2C1D-D668-4ACF-96C8-304608C1C38B}.Release|Any CPU.ActiveCfg = Release|Any CPU
		{597C2C1D-D668-4ACF-96C8-304608C1C38B}.Release|Any CPU.Build.0 = Release|Any CPU
		{A83E829F-B2C8-45AC-A7EF-268AB09CC07A}.Debug|Any CPU.ActiveCfg = Debug|Any CPU
		{A83E829F-B2C8-45AC-A7EF-268AB09CC07A}.Debug|Any CPU.Build.0 = Debug|Any CPU
		{A83E829F-B2C8-45AC-A7EF-268AB09CC07A}.Release|Any CPU.ActiveCfg = Release|Any CPU
		{A83E829F-B2C8-45AC-A7EF-268AB09CC07A}.Release|Any CPU.Build.0 = Release|Any CPU
		{2695AC40-B591-44A1-94EC-BADF988CFA45}.Debug|Any CPU.ActiveCfg = Debug|Any CPU
		{2695AC40-B591-44A1-94EC-BADF988CFA45}.Debug|Any CPU.Build.0 = Debug|Any CPU
		{2695AC40-B591-44A1-94EC-BADF988CFA45}.Release|Any CPU.ActiveCfg = Release|Any CPU
		{2695AC40-B591-44A1-94EC-BADF988CFA45}.Release|Any CPU.Build.0 = Release|Any CPU
		{6EAFF12F-6701-4E35-9B1C-0622466FC9FA}.Debug|Any CPU.ActiveCfg = Debug|Any CPU
		{6EAFF12F-6701-4E35-9B1C-0622466FC9FA}.Debug|Any CPU.Build.0 = Debug|Any CPU
		{6EAFF12F-6701-4E35-9B1C-0622466FC9FA}.Release|Any CPU.ActiveCfg = Release|Any CPU
		{6EAFF12F-6701-4E35-9B1C-0622466FC9FA}.Release|Any CPU.Build.0 = Release|Any CPU
		{8463923B-3DF8-41BA-AC35-16FFE6A9BAD9}.Debug|Any CPU.ActiveCfg = Debug|Any CPU
		{8463923B-3DF8-41BA-AC35-16FFE6A9BAD9}.Debug|Any CPU.Build.0 = Debug|Any CPU
		{8463923B-3DF8-41BA-AC35-16FFE6A9BAD9}.Release|Any CPU.ActiveCfg = Release|Any CPU
		{8463923B-3DF8-41BA-AC35-16FFE6A9BAD9}.Release|Any CPU.Build.0 = Release|Any CPU
		{B149D0C6-FEA6-4E32-B134-80306F3831AB}.Debug|Any CPU.ActiveCfg = Debug|Any CPU
		{B149D0C6-FEA6-4E32-B134-80306F3831AB}.Debug|Any CPU.Build.0 = Debug|Any CPU
		{B149D0C6-FEA6-4E32-B134-80306F3831AB}.Release|Any CPU.ActiveCfg = Release|Any CPU
		{B149D0C6-FEA6-4E32-B134-80306F3831AB}.Release|Any CPU.Build.0 = Release|Any CPU
	EndGlobalSection
	GlobalSection(SolutionProperties) = preSolution
		HideSolutionNode = FALSE
	EndGlobalSection
	GlobalSection(ExtensibilityGlobals) = postSolution
		SolutionGuid = {B5460451-2371-46D0-AA1F-2D648A11821B}
	EndGlobalSection
EndGlobal
